
Microsoft Visual Studio Solution File, Format Version 12.00
# Visual Studio Version 16
VisualStudioVersion = 16.0.30225.117
MinimumVisualStudioVersion = 10.0.40219.1
Project("{9A19103F-16F7-4668-BE54-9A1E7A4F7556}") = "GateProjectBackend", "GateProjectBackend\GateProjectBackend.csproj", "{A642E8CD-9561-442A-AE2D-DE296FDE51CF}"
EndProject
Project("{9A19103F-16F7-4668-BE54-9A1E7A4F7556}") = "GateProjectBackend.Authentication", "GateProjectBackend.Authentication\GateProjectBackend.Authentication.csproj", "{828D9D36-7E99-499E-9BE6-842AABFE31E1}"
EndProject
Project("{2150E333-8FDC-42A3-9474-1A3956D46DE8}") = "Test", "Test", "{0DC1ACB0-3842-44F8-9DC2-B330CC916766}"
EndProject
Project("{9A19103F-16F7-4668-BE54-9A1E7A4F7556}") = "GateProjectBackend.Authentication.Test", "GateProjectBackend.Authentication.Test\GateProjectBackend.Authentication.Test.csproj", "{5F95EE94-01A1-45D3-B06F-08FF4A27DD5E}"
EndProject
Project("{2150E333-8FDC-42A3-9474-1A3956D46DE8}") = "Shared", "Shared", "{FD34EF1B-EBAD-4912-B128-F54F5EC9C77D}"
EndProject
Project("{9A19103F-16F7-4668-BE54-9A1E7A4F7556}") = "GateProjectBackend.Common", "GateProjectBackend.Common\GateProjectBackend.Common.csproj", "{8E310627-B8B0-4978-AD62-0F6767DBD545}"
EndProject
Project("{9A19103F-16F7-4668-BE54-9A1E7A4F7556}") = "GateProjectBackend.Common.Test", "GateProjectBackend.Common.Test\GateProjectBackend.Common.Test.csproj", "{09D59333-D6F0-4F90-B31C-B25AD77197CF}"
EndProject
Project("{9A19103F-16F7-4668-BE54-9A1E7A4F7556}") = "GateProjectBackend.Test", "GateProjectBackend.Test\GateProjectBackend.Test.csproj", "{778538BB-A70D-4243-BE0D-E1FA7C46F9D3}"
EndProject
Project("{FAE04EC0-301F-11D3-BF4B-00C04F79EFBC}") = "GateProjectFrontend.Test", "GateProjectFrontend.Test\GateProjectFrontend.Test.csproj", "{CEF29892-8CE7-4383-9610-5190830DDDA3}"
EndProject
Global
	GlobalSection(SolutionConfigurationPlatforms) = preSolution
		Debug|Any CPU = Debug|Any CPU
		Release|Any CPU = Release|Any CPU
	EndGlobalSection
	GlobalSection(ProjectConfigurationPlatforms) = postSolution
		{A642E8CD-9561-442A-AE2D-DE296FDE51CF}.Debug|Any CPU.ActiveCfg = Debug|Any CPU
		{A642E8CD-9561-442A-AE2D-DE296FDE51CF}.Debug|Any CPU.Build.0 = Debug|Any CPU
		{A642E8CD-9561-442A-AE2D-DE296FDE51CF}.Release|Any CPU.ActiveCfg = Release|Any CPU
		{A642E8CD-9561-442A-AE2D-DE296FDE51CF}.Release|Any CPU.Build.0 = Release|Any CPU
		{828D9D36-7E99-499E-9BE6-842AABFE31E1}.Debug|Any CPU.ActiveCfg = Debug|Any CPU
		{828D9D36-7E99-499E-9BE6-842AABFE31E1}.Debug|Any CPU.Build.0 = Debug|Any CPU
		{828D9D36-7E99-499E-9BE6-842AABFE31E1}.Release|Any CPU.ActiveCfg = Release|Any CPU
		{828D9D36-7E99-499E-9BE6-842AABFE31E1}.Release|Any CPU.Build.0 = Release|Any CPU
		{5F95EE94-01A1-45D3-B06F-08FF4A27DD5E}.Debug|Any CPU.ActiveCfg = Debug|Any CPU
		{5F95EE94-01A1-45D3-B06F-08FF4A27DD5E}.Debug|Any CPU.Build.0 = Debug|Any CPU
		{5F95EE94-01A1-45D3-B06F-08FF4A27DD5E}.Release|Any CPU.ActiveCfg = Release|Any CPU
		{5F95EE94-01A1-45D3-B06F-08FF4A27DD5E}.Release|Any CPU.Build.0 = Release|Any CPU
		{8E310627-B8B0-4978-AD62-0F6767DBD545}.Debug|Any CPU.ActiveCfg = Debug|Any CPU
		{8E310627-B8B0-4978-AD62-0F6767DBD545}.Debug|Any CPU.Build.0 = Debug|Any CPU
		{8E310627-B8B0-4978-AD62-0F6767DBD545}.Release|Any CPU.ActiveCfg = Release|Any CPU
		{8E310627-B8B0-4978-AD62-0F6767DBD545}.Release|Any CPU.Build.0 = Release|Any CPU
		{09D59333-D6F0-4F90-B31C-B25AD77197CF}.Debug|Any CPU.ActiveCfg = Debug|Any CPU
		{09D59333-D6F0-4F90-B31C-B25AD77197CF}.Debug|Any CPU.Build.0 = Debug|Any CPU
		{09D59333-D6F0-4F90-B31C-B25AD77197CF}.Release|Any CPU.ActiveCfg = Release|Any CPU
		{09D59333-D6F0-4F90-B31C-B25AD77197CF}.Release|Any CPU.Build.0 = Release|Any CPU
		{778538BB-A70D-4243-BE0D-E1FA7C46F9D3}.Debug|Any CPU.ActiveCfg = Debug|Any CPU
		{778538BB-A70D-4243-BE0D-E1FA7C46F9D3}.Debug|Any CPU.Build.0 = Debug|Any CPU
		{778538BB-A70D-4243-BE0D-E1FA7C46F9D3}.Release|Any CPU.ActiveCfg = Release|Any CPU
		{778538BB-A70D-4243-BE0D-E1FA7C46F9D3}.Release|Any CPU.Build.0 = Release|Any CPU
		{CEF29892-8CE7-4383-9610-5190830DDDA3}.Debug|Any CPU.ActiveCfg = Debug|Any CPU
		{CEF29892-8CE7-4383-9610-5190830DDDA3}.Debug|Any CPU.Build.0 = Debug|Any CPU
		{CEF29892-8CE7-4383-9610-5190830DDDA3}.Release|Any CPU.ActiveCfg = Release|Any CPU
		{CEF29892-8CE7-4383-9610-5190830DDDA3}.Release|Any CPU.Build.0 = Release|Any CPU
	EndGlobalSection
	GlobalSection(SolutionProperties) = preSolution
		HideSolutionNode = FALSE
	EndGlobalSection
	GlobalSection(NestedProjects) = preSolution
		{5F95EE94-01A1-45D3-B06F-08FF4A27DD5E} = {0DC1ACB0-3842-44F8-9DC2-B330CC916766}
		{8E310627-B8B0-4978-AD62-0F6767DBD545} = {FD34EF1B-EBAD-4912-B128-F54F5EC9C77D}
		{09D59333-D6F0-4F90-B31C-B25AD77197CF} = {0DC1ACB0-3842-44F8-9DC2-B330CC916766}
		{778538BB-A70D-4243-BE0D-E1FA7C46F9D3} = {0DC1ACB0-3842-44F8-9DC2-B330CC916766}
		{CEF29892-8CE7-4383-9610-5190830DDDA3} = {0DC1ACB0-3842-44F8-9DC2-B330CC916766}
	EndGlobalSection
	GlobalSection(ExtensibilityGlobals) = postSolution
		SolutionGuid = {8588A71E-EDD4-4173-B29D-D33D9A818EA6}
	EndGlobalSection
EndGlobal
